{
    "_readme": [
        "This file locks the dependencies of your project to a known state",
        "Read more about it at http://getcomposer.org/doc/01-basic-usage.md#composer-lock-the-lock-file"
    ],
    "hash": "391aabe7d7c568ac0f25ec1e49055446",
    "packages": [
        {
            "name": "knplabs/gaufrette",
            "version": "dev-master",
            "source": {
                "type": "git",
                "url": "https://github.com/KnpLabs/Gaufrette.git",
                "reference": "bafb3ad404d9e34c593bae30e2a1c61ee111f382"
            },
            "dist": {
                "type": "zip",
                "url": "https://api.github.com/repos/KnpLabs/Gaufrette/zipball/bafb3ad404d9e34c593bae30e2a1c61ee111f382",
                "reference": "bafb3ad404d9e34c593bae30e2a1c61ee111f382",
                "shasum": ""
            },
            "require": {
                "php": ">=5.3.2"
            },
            "require-dev": {
                "amazonwebservices/aws-sdk-for-php": "1.5.*",
                "doctrine/dbal": ">=2.3",
                "dropbox-php/dropbox-php": "*",
                "herzult/php-ssh": "*",
                "phpspec/phpspec2": "dev-master",
                "phpunit/phpunit": "3.7.*",
                "rackspace/php-cloudfiles": "*",
                "rackspace/php-opencloud": "dev-master"
            },
            "suggest": {
                "amazonwebservices/aws-sdk-for-php": "to use the Amazon S3 adapter",
                "doctrine/dbal": "to use the Doctrine DBAL adapter",
                "dropbox-php/dropbox-php": "to use the Dropbox adapter",
                "ext-apc": "to use the APC adapter",
                "ext-curl": "*",
                "ext-fileinfo": "*",
                "ext-mbstring": "*",
                "ext-mongo": "*",
                "ext-zip": "to use the Zip adapter",
                "knplabs/knp-gaufrette-bundle": "*",
                "rackspace/php-opencloud": "to use Opencloud adapter"
            },
            "type": "library",
            "extra": {
                "branch-alias": {
                    "dev-master": "0.2.x-dev"
                }
            },
            "autoload": {
                "psr-0": {
                    "Gaufrette": "src/"
                }
            },
            "notification-url": "https://packagist.org/downloads/",
            "license": [
                "MIT"
            ],
            "authors": [
                {
                    "name": "The contributors",
                    "homepage": "http://github.com/knplabs/Gaufrette/contributors"
                },
                {
                    "name": "KnpLabs Team",
                    "homepage": "http://knplabs.com"
                }
            ],
            "description": "PHP5 library that provides a filesystem abstraction layer",
            "homepage": "http://knplabs.com",
            "keywords": [
                "abstraction",
                "file",
                "filesystem",
                "media"
            ],
            "time": "2013-03-25 12:59:27"
        }
    ],
    "packages-dev": [

    ],
    "aliases": [

    ],
    "minimum-stability": "stable",
    "stability-flags": {
        "knplabs/gaufrette": 20
    },
    "platform": [

    ],
    "platform-dev": [

    ]
}
